
Microsoft Visual Studio Solution File, Format Version 12.00
# Visual Studio Version 17
VisualStudioVersion = 17.6.33723.286
MinimumVisualStudioVersion = 10.0.40219.1
Project("{8BC9CEB8-8B4A-11D0-8D11-00A0C91BC942}") = "brakes_checker", "brakes_checker\brakes_checker.vcxproj", "{C75FCE28-1BF3-4AE8-ABAF-0218A9856D0D}"
EndProject
Project("{8BC9CEB8-8B4A-11D0-8D11-00A0C91BC942}") = "islands_counter", "islands_counter\islands_counter.vcxproj", "{EA0631A4-9530-41EF-BA71-D3BFB0A3319B}"
EndProject
Project("{8BC9CEB8-8B4A-11D0-8D11-00A0C91BC942}") = "find_sum", "find_sum\find_sum.vcxproj", "{2843E485-E1C0-4660-BDE6-F10E2E7121EC}"
EndProject
Global
	GlobalSection(SolutionConfigurationPlatforms) = preSolution
		Debug|x64 = Debug|x64
		Debug|x86 = Debug|x86
		Release|x64 = Release|x64
		Release|x86 = Release|x86
	EndGlobalSection
	GlobalSection(ProjectConfigurationPlatforms) = postSolution
		{C75FCE28-1BF3-4AE8-ABAF-0218A9856D0D}.Debug|x64.ActiveCfg = Debug|x64
		{C75FCE28-1BF3-4AE8-ABAF-0218A9856D0D}.Debug|x64.Build.0 = Debug|x64
		{C75FCE28-1BF3-4AE8-ABAF-0218A9856D0D}.Debug|x86.ActiveCfg = Debug|Win32
		{C75FCE28-1BF3-4AE8-ABAF-0218A9856D0D}.Debug|x86.Build.0 = Debug|Win32
		{C75FCE28-1BF3-4AE8-ABAF-0218A9856D0D}.Release|x64.ActiveCfg = Release|x64
		{C75FCE28-1BF3-4AE8-ABAF-0218A9856D0D}.Release|x64.Build.0 = Release|x64
		{C75FCE28-1BF3-4AE8-ABAF-0218A9856D0D}.Release|x86.ActiveCfg = Release|Win32
		{C75FCE28-1BF3-4AE8-ABAF-0218A9856D0D}.Release|x86.Build.0 = Release|Win32
		{EA0631A4-9530-41EF-BA71-D3BFB0A3319B}.Debug|x64.ActiveCfg = Debug|x64
		{EA0631A4-9530-41EF-BA71-D3BFB0A3319B}.Debug|x64.Build.0 = Debug|x64
		{EA0631A4-9530-41EF-BA71-D3BFB0A3319B}.Debug|x86.ActiveCfg = Debug|Win32
		{EA0631A4-9530-41EF-BA71-D3BFB0A3319B}.Debug|x86.Build.0 = Debug|Win32
		{EA0631A4-9530-41EF-BA71-D3BFB0A3319B}.Release|x64.ActiveCfg = Release|x64
		{EA0631A4-9530-41EF-BA71-D3BFB0A3319B}.Release|x64.Build.0 = Release|x64
		{EA0631A4-9530-41EF-BA71-D3BFB0A3319B}.Release|x86.ActiveCfg = Release|Win32
		{EA0631A4-9530-41EF-BA71-D3BFB0A3319B}.Release|x86.Build.0 = Release|Win32
		{2843E485-E1C0-4660-BDE6-F10E2E7121EC}.Debug|x64.ActiveCfg = Debug|x64
		{2843E485-E1C0-4660-BDE6-F10E2E7121EC}.Debug|x64.Build.0 = Debug|x64
		{2843E485-E1C0-4660-BDE6-F10E2E7121EC}.Debug|x86.ActiveCfg = Debug|Win32
		{2843E485-E1C0-4660-BDE6-F10E2E7121EC}.Debug|x86.Build.0 = Debug|Win32
		{2843E485-E1C0-4660-BDE6-F10E2E7121EC}.Release|x64.ActiveCfg = Release|x64
		{2843E485-E1C0-4660-BDE6-F10E2E7121EC}.Release|x64.Build.0 = Release|x64
		{2843E485-E1C0-4660-BDE6-F10E2E7121EC}.Release|x86.ActiveCfg = Release|Win32
		{2843E485-E1C0-4660-BDE6-F10E2E7121EC}.Release|x86.Build.0 = Release|Win32
	EndGlobalSection
	GlobalSection(SolutionProperties) = preSolution
		HideSolutionNode = FALSE
	EndGlobalSection
	GlobalSection(ExtensibilityGlobals) = postSolution
		SolutionGuid = {FDC29412-B9E5-4855-AEF5-A18CDD5E98FA}
	EndGlobalSection
EndGlobal
